
Microsoft Visual Studio Solution File, Format Version 12.00
# Visual Studio 14
VisualStudioVersion = 14.0.25420.1
MinimumVisualStudioVersion = 10.0.40219.1
Project("{FAE04EC0-301F-11D3-BF4B-00C04F79EFBC}") = "Bsi.Authentication.DataAccess", "DataAccess\Bsi.Authentication.DataAccess.csproj", "{AC7E2D59-C521-4A4E-A68A-2541012B3AA4}"
EndProject
Project("{FAE04EC0-301F-11D3-BF4B-00C04F79EFBC}") = "Bsi.Authentication.API", "Authentication.API\Bsi.Authentication.API.csproj", "{A0362BFA-3AB5-44BF-AB6C-4B0D3990E637}"
EndProject
Project("{FAE04EC0-301F-11D3-BF4B-00C04F79EFBC}") = "Bsi.Authentication.BussinessLogic", "BussinessLogic\Bsi.Authentication.BussinessLogic.csproj", "{C018FDFA-BE90-4A1E-B2B0-53757E182F08}"
EndProject
Project("{FAE04EC0-301F-11D3-BF4B-00C04F79EFBC}") = "Resources.API", "Resources.API\Resources.API.csproj", "{A37B8662-895C-4CF6-BE19-8A14ECBD6FF4}"
EndProject
Global
	GlobalSection(SolutionConfigurationPlatforms) = preSolution
		Debug|Any CPU = Debug|Any CPU
		Release|Any CPU = Release|Any CPU
	EndGlobalSection
	GlobalSection(ProjectConfigurationPlatforms) = postSolution
		{AC7E2D59-C521-4A4E-A68A-2541012B3AA4}.Debug|Any CPU.ActiveCfg = Debug|Any CPU
		{AC7E2D59-C521-4A4E-A68A-2541012B3AA4}.Debug|Any CPU.Build.0 = Debug|Any CPU
		{AC7E2D59-C521-4A4E-A68A-2541012B3AA4}.Release|Any CPU.ActiveCfg = Release|Any CPU
		{AC7E2D59-C521-4A4E-A68A-2541012B3AA4}.Release|Any CPU.Build.0 = Release|Any CPU
		{A0362BFA-3AB5-44BF-AB6C-4B0D3990E637}.Debug|Any CPU.ActiveCfg = Debug|Any CPU
		{A0362BFA-3AB5-44BF-AB6C-4B0D3990E637}.Debug|Any CPU.Build.0 = Debug|Any CPU
		{A0362BFA-3AB5-44BF-AB6C-4B0D3990E637}.Release|Any CPU.ActiveCfg = Release|Any CPU
		{A0362BFA-3AB5-44BF-AB6C-4B0D3990E637}.Release|Any CPU.Build.0 = Release|Any CPU
		{C018FDFA-BE90-4A1E-B2B0-53757E182F08}.Debug|Any CPU.ActiveCfg = Debug|Any CPU
		{C018FDFA-BE90-4A1E-B2B0-53757E182F08}.Debug|Any CPU.Build.0 = Debug|Any CPU
		{C018FDFA-BE90-4A1E-B2B0-53757E182F08}.Release|Any CPU.ActiveCfg = Release|Any CPU
		{C018FDFA-BE90-4A1E-B2B0-53757E182F08}.Release|Any CPU.Build.0 = Release|Any CPU
		{A37B8662-895C-4CF6-BE19-8A14ECBD6FF4}.Debug|Any CPU.ActiveCfg = Debug|Any CPU
		{A37B8662-895C-4CF6-BE19-8A14ECBD6FF4}.Debug|Any CPU.Build.0 = Debug|Any CPU
		{A37B8662-895C-4CF6-BE19-8A14ECBD6FF4}.Release|Any CPU.ActiveCfg = Release|Any CPU
		{A37B8662-895C-4CF6-BE19-8A14ECBD6FF4}.Release|Any CPU.Build.0 = Release|Any CPU
	EndGlobalSection
	GlobalSection(SolutionProperties) = preSolution
		HideSolutionNode = FALSE
	EndGlobalSection
EndGlobal
